{
  "lockfileVersion": 1,
  "configVersion": 1,
  "workspaces": {
    "": {
      "devDependencies": {
        "taglify": "^1.2.0",
      },
    },
  },
  "packages": {
    "taglify": ["taglify@1.2.0", "", {}, "sha512-/cyk7+uBGKn3uIav6uaWb2A7Pw5zKaGt6jzBIChoacWUlYT71bqYepKddPg2mXjJEgrgEgIB98WA0sScRB4Cuw=="],
  }
}
